// !$*UTF8*$!
{
	archiveVersion = 1;
	classes = {
	};
	objectVersion = 55;
	objects = {

/* Begin PBXBuildFile section */
		B652BA992789DBBC000EE7FA /* AppDelegate.swift in Sources */ = {isa = PBXBuildFile; fileRef = B652BA982789DBBC000EE7FA /* AppDelegate.swift */; };
		B652BA9B2789DBBC000EE7FA /* SceneDelegate.swift in Sources */ = {isa = PBXBuildFile; fileRef = B652BA9A2789DBBC000EE7FA /* SceneDelegate.swift */; };
		B652BAA22789DBC1000EE7FA /* Assets.xcassets in Resources */ = {isa = PBXBuildFile; fileRef = B652BAA12789DBC1000EE7FA /* Assets.xcassets */; };
		B652BAA52789DBC1000EE7FA /* LaunchScreen.storyboard in Resources */ = {isa = PBXBuildFile; fileRef = B652BAA32789DBC1000EE7FA /* LaunchScreen.storyboard */; };
		B652BAAF2789E1B1000EE7FA /* UICell+ReuseIdentifier.swift in Sources */ = {isa = PBXBuildFile; fileRef = B652BAAE2789E1B1000EE7FA /* UICell+ReuseIdentifier.swift */; };
		B652BAB12789E1DA000EE7FA /* UIView+Constraints.swift in Sources */ = {isa = PBXBuildFile; fileRef = B652BAB02789E1DA000EE7FA /* UIView+Constraints.swift */; };
		B652BAB32789E268000EE7FA /* UIActivityIndicator+BuildActivityIndicator.swift in Sources */ = {isa = PBXBuildFile; fileRef = B652BAB22789E268000EE7FA /* UIActivityIndicator+BuildActivityIndicator.swift */; };
		B652BAB52789E279000EE7FA /* UIButton+BuildButton.swift in Sources */ = {isa = PBXBuildFile; fileRef = B652BAB42789E279000EE7FA /* UIButton+BuildButton.swift */; };
		B652BAB72789E2A8000EE7FA /* UIImageView+LoadImage.swift in Sources */ = {isa = PBXBuildFile; fileRef = B652BAB62789E2A8000EE7FA /* UIImageView+LoadImage.swift */; };
		B652BABA2789E6BA000EE7FA /* DesignSystem.swift in Sources */ = {isa = PBXBuildFile; fileRef = B652BAB92789E6BA000EE7FA /* DesignSystem.swift */; };
		B652BABC2789E769000EE7FA /* UILabel+BuildLabel.swift in Sources */ = {isa = PBXBuildFile; fileRef = B652BABB2789E769000EE7FA /* UILabel+BuildLabel.swift */; };
		B652BABE2789E7A0000EE7FA /* UIStackView+BuildStack.swift in Sources */ = {isa = PBXBuildFile; fileRef = B652BABD2789E7A0000EE7FA /* UIStackView+BuildStack.swift */; };
		B652BAC02789E7CE000EE7FA /* UIViewController+ShowErrorAlert.swift in Sources */ = {isa = PBXBuildFile; fileRef = B652BABF2789E7CE000EE7FA /* UIViewController+ShowErrorAlert.swift */; };
		B652BAC32789E805000EE7FA /* Localizable.strings in Resources */ = {isa = PBXBuildFile; fileRef = B652BAC52789E805000EE7FA /* Localizable.strings */; };
		B652BACA2789EA02000EE7FA /* Coordinator.swift in Sources */ = {isa = PBXBuildFile; fileRef = B652BAC92789EA02000EE7FA /* Coordinator.swift */; };
		B652BACD2789EB73000EE7FA /* MainTabBarController.swift in Sources */ = {isa = PBXBuildFile; fileRef = B652BACC2789EB73000EE7FA /* MainTabBarController.swift */; };
		B652BACF2789EB8A000EE7FA /* MainCoordinator.swift in Sources */ = {isa = PBXBuildFile; fileRef = B652BACE2789EB8A000EE7FA /* MainCoordinator.swift */; };
		B652BAD22789EF27000EE7FA /* Endpoint.swift in Sources */ = {isa = PBXBuildFile; fileRef = B652BAD12789EF27000EE7FA /* Endpoint.swift */; };
		B652BAD52789EFA3000EE7FA /* Providing.swift in Sources */ = {isa = PBXBuildFile; fileRef = B652BAD42789EFA3000EE7FA /* Providing.swift */; };
		B652BAD72789EFB4000EE7FA /* Networking.swift in Sources */ = {isa = PBXBuildFile; fileRef = B652BAD62789EFB4000EE7FA /* Networking.swift */; };
		B652BAD92789EFCB000EE7FA /* NetworkError.swift in Sources */ = {isa = PBXBuildFile; fileRef = B652BAD82789EFCB000EE7FA /* NetworkError.swift */; };
		B652BADB2789EFE5000EE7FA /* APIClient.swift in Sources */ = {isa = PBXBuildFile; fileRef = B652BADA2789EFE5000EE7FA /* APIClient.swift */; };
		B652BADD2789F001000EE7FA /* URLRequestProviding.swift in Sources */ = {isa = PBXBuildFile; fileRef = B652BADC2789F001000EE7FA /* URLRequestProviding.swift */; };
		B652BAE02789F205000EE7FA /* Show.swift in Sources */ = {isa = PBXBuildFile; fileRef = B652BADF2789F205000EE7FA /* Show.swift */; };
		B652BAE22789F5ED000EE7FA /* ShowsListProviding.swift in Sources */ = {isa = PBXBuildFile; fileRef = B652BAE12789F5ED000EE7FA /* ShowsListProviding.swift */; };
		B652BAE52789F651000EE7FA /* ShowsListService.swift in Sources */ = {isa = PBXBuildFile; fileRef = B652BAE42789F651000EE7FA /* ShowsListService.swift */; };
		B652BAE72789FA77000EE7FA /* ShowsListViewController.swift in Sources */ = {isa = PBXBuildFile; fileRef = B652BAE62789FA77000EE7FA /* ShowsListViewController.swift */; };
		B652BAEB2789FA96000EE7FA /* ShowsListViewModel.swift in Sources */ = {isa = PBXBuildFile; fileRef = B652BAEA2789FA96000EE7FA /* ShowsListViewModel.swift */; };
		B652BAEE2789FF30000EE7FA /* ViewCodable.swift in Sources */ = {isa = PBXBuildFile; fileRef = B652BAED2789FF30000EE7FA /* ViewCodable.swift */; };
		B652BAF1278A0047000EE7FA /* ShowsListItemCell.swift in Sources */ = {isa = PBXBuildFile; fileRef = B652BAF0278A0047000EE7FA /* ShowsListItemCell.swift */; };
		B652BAF4278A02EE000EE7FA /* RoundedImageView.swift in Sources */ = {isa = PBXBuildFile; fileRef = B652BAF3278A02EE000EE7FA /* RoundedImageView.swift */; };
		B652BAF6278A143B000EE7FA /* UIView+BuildSeparator.swift in Sources */ = {isa = PBXBuildFile; fileRef = B652BAF5278A143B000EE7FA /* UIView+BuildSeparator.swift */; };
		B652BAF8278A1D05000EE7FA /* String+Date.swift in Sources */ = {isa = PBXBuildFile; fileRef = B652BAF7278A1D05000EE7FA /* String+Date.swift */; };
/* End PBXBuildFile section */

/* Begin PBXFileReference section */
		B652BA952789DBBC000EE7FA /* TVShows.app */ = {isa = PBXFileReference; explicitFileType = wrapper.application; includeInIndex = 0; path = TVShows.app; sourceTree = BUILT_PRODUCTS_DIR; };
		B652BA982789DBBC000EE7FA /* AppDelegate.swift */ = {isa = PBXFileReference; lastKnownFileType = sourcecode.swift; path = AppDelegate.swift; sourceTree = "<group>"; };
		B652BA9A2789DBBC000EE7FA /* SceneDelegate.swift */ = {isa = PBXFileReference; lastKnownFileType = sourcecode.swift; path = SceneDelegate.swift; sourceTree = "<group>"; };
		B652BAA12789DBC1000EE7FA /* Assets.xcassets */ = {isa = PBXFileReference; lastKnownFileType = folder.assetcatalog; path = Assets.xcassets; sourceTree = "<group>"; };
		B652BAA42789DBC1000EE7FA /* Base */ = {isa = PBXFileReference; lastKnownFileType = file.storyboard; name = Base; path = Base.lproj/LaunchScreen.storyboard; sourceTree = "<group>"; };
		B652BAA62789DBC1000EE7FA /* Info.plist */ = {isa = PBXFileReference; lastKnownFileType = text.plist.xml; path = Info.plist; sourceTree = "<group>"; };
		B652BAAE2789E1B1000EE7FA /* UICell+ReuseIdentifier.swift */ = {isa = PBXFileReference; lastKnownFileType = sourcecode.swift; path = "UICell+ReuseIdentifier.swift"; sourceTree = "<group>"; };
		B652BAB02789E1DA000EE7FA /* UIView+Constraints.swift */ = {isa = PBXFileReference; lastKnownFileType = sourcecode.swift; path = "UIView+Constraints.swift"; sourceTree = "<group>"; };
		B652BAB22789E268000EE7FA /* UIActivityIndicator+BuildActivityIndicator.swift */ = {isa = PBXFileReference; lastKnownFileType = sourcecode.swift; path = "UIActivityIndicator+BuildActivityIndicator.swift"; sourceTree = "<group>"; };
		B652BAB42789E279000EE7FA /* UIButton+BuildButton.swift */ = {isa = PBXFileReference; lastKnownFileType = sourcecode.swift; path = "UIButton+BuildButton.swift"; sourceTree = "<group>"; };
		B652BAB62789E2A8000EE7FA /* UIImageView+LoadImage.swift */ = {isa = PBXFileReference; lastKnownFileType = sourcecode.swift; path = "UIImageView+LoadImage.swift"; sourceTree = "<group>"; };
		B652BAB92789E6BA000EE7FA /* DesignSystem.swift */ = {isa = PBXFileReference; lastKnownFileType = sourcecode.swift; path = DesignSystem.swift; sourceTree = "<group>"; };
		B652BABB2789E769000EE7FA /* UILabel+BuildLabel.swift */ = {isa = PBXFileReference; lastKnownFileType = sourcecode.swift; path = "UILabel+BuildLabel.swift"; sourceTree = "<group>"; };
		B652BABD2789E7A0000EE7FA /* UIStackView+BuildStack.swift */ = {isa = PBXFileReference; lastKnownFileType = sourcecode.swift; path = "UIStackView+BuildStack.swift"; sourceTree = "<group>"; };
		B652BABF2789E7CE000EE7FA /* UIViewController+ShowErrorAlert.swift */ = {isa = PBXFileReference; lastKnownFileType = sourcecode.swift; path = "UIViewController+ShowErrorAlert.swift"; sourceTree = "<group>"; };
		B652BAC42789E805000EE7FA /* en */ = {isa = PBXFileReference; lastKnownFileType = text.plist.strings; name = en; path = en.lproj/Localizable.strings; sourceTree = "<group>"; };
		B652BAC92789EA02000EE7FA /* Coordinator.swift */ = {isa = PBXFileReference; lastKnownFileType = sourcecode.swift; path = Coordinator.swift; sourceTree = "<group>"; };
		B652BACC2789EB73000EE7FA /* MainTabBarController.swift */ = {isa = PBXFileReference; lastKnownFileType = sourcecode.swift; path = MainTabBarController.swift; sourceTree = "<group>"; };
		B652BACE2789EB8A000EE7FA /* MainCoordinator.swift */ = {isa = PBXFileReference; lastKnownFileType = sourcecode.swift; path = MainCoordinator.swift; sourceTree = "<group>"; };
		B652BAD12789EF27000EE7FA /* Endpoint.swift */ = {isa = PBXFileReference; lastKnownFileType = sourcecode.swift; path = Endpoint.swift; sourceTree = "<group>"; };
		B652BAD42789EFA3000EE7FA /* Providing.swift */ = {isa = PBXFileReference; lastKnownFileType = sourcecode.swift; path = Providing.swift; sourceTree = "<group>"; };
		B652BAD62789EFB4000EE7FA /* Networking.swift */ = {isa = PBXFileReference; lastKnownFileType = sourcecode.swift; path = Networking.swift; sourceTree = "<group>"; };
		B652BAD82789EFCB000EE7FA /* NetworkError.swift */ = {isa = PBXFileReference; lastKnownFileType = sourcecode.swift; path = NetworkError.swift; sourceTree = "<group>"; };
		B652BADA2789EFE5000EE7FA /* APIClient.swift */ = {isa = PBXFileReference; lastKnownFileType = sourcecode.swift; path = APIClient.swift; sourceTree = "<group>"; };
		B652BADC2789F001000EE7FA /* URLRequestProviding.swift */ = {isa = PBXFileReference; lastKnownFileType = sourcecode.swift; path = URLRequestProviding.swift; sourceTree = "<group>"; };
		B652BADF2789F205000EE7FA /* Show.swift */ = {isa = PBXFileReference; lastKnownFileType = sourcecode.swift; path = Show.swift; sourceTree = "<group>"; };
		B652BAE12789F5ED000EE7FA /* ShowsListProviding.swift */ = {isa = PBXFileReference; lastKnownFileType = sourcecode.swift; path = ShowsListProviding.swift; sourceTree = "<group>"; };
		B652BAE42789F651000EE7FA /* ShowsListService.swift */ = {isa = PBXFileReference; lastKnownFileType = sourcecode.swift; path = ShowsListService.swift; sourceTree = "<group>"; };
		B652BAE62789FA77000EE7FA /* ShowsListViewController.swift */ = {isa = PBXFileReference; lastKnownFileType = sourcecode.swift; path = ShowsListViewController.swift; sourceTree = "<group>"; };
		B652BAEA2789FA96000EE7FA /* ShowsListViewModel.swift */ = {isa = PBXFileReference; lastKnownFileType = sourcecode.swift; path = ShowsListViewModel.swift; sourceTree = "<group>"; };
		B652BAED2789FF30000EE7FA /* ViewCodable.swift */ = {isa = PBXFileReference; lastKnownFileType = sourcecode.swift; path = ViewCodable.swift; sourceTree = "<group>"; };
		B652BAF0278A0047000EE7FA /* ShowsListItemCell.swift */ = {isa = PBXFileReference; lastKnownFileType = sourcecode.swift; path = ShowsListItemCell.swift; sourceTree = "<group>"; };
		B652BAF3278A02EE000EE7FA /* RoundedImageView.swift */ = {isa = PBXFileReference; lastKnownFileType = sourcecode.swift; path = RoundedImageView.swift; sourceTree = "<group>"; };
		B652BAF5278A143B000EE7FA /* UIView+BuildSeparator.swift */ = {isa = PBXFileReference; lastKnownFileType = sourcecode.swift; path = "UIView+BuildSeparator.swift"; sourceTree = "<group>"; };
		B652BAF7278A1D05000EE7FA /* String+Date.swift */ = {isa = PBXFileReference; lastKnownFileType = sourcecode.swift; path = "String+Date.swift"; sourceTree = "<group>"; };
/* End PBXFileReference section */

/* Begin PBXFrameworksBuildPhase section */
		B652BA922789DBBB000EE7FA /* Frameworks */ = {
			isa = PBXFrameworksBuildPhase;
			buildActionMask = 2147483647;
			files = (
			);
			runOnlyForDeploymentPostprocessing = 0;
		};
/* End PBXFrameworksBuildPhase section */

/* Begin PBXGroup section */
		B652BA8C2789DBBB000EE7FA = {
			isa = PBXGroup;
			children = (
				B652BA972789DBBC000EE7FA /* TVShows */,
				B652BA962789DBBC000EE7FA /* Products */,
			);
			sourceTree = "<group>";
		};
		B652BA962789DBBC000EE7FA /* Products */ = {
			isa = PBXGroup;
			children = (
				B652BA952789DBBC000EE7FA /* TVShows.app */,
			);
			name = Products;
			sourceTree = "<group>";
		};
		B652BA972789DBBC000EE7FA /* TVShows */ = {
			isa = PBXGroup;
			children = (
				B652BAF2278A02E0000EE7FA /* Views */,
				B652BAEC2789FF26000EE7FA /* Protocols */,
				B652BAE82789FA7E000EE7FA /* Screens */,
				B652BADE2789F1F8000EE7FA /* Models */,
				B652BAD02789EEF1000EE7FA /* Network */,
				B652BACB2789EB56000EE7FA /* ViewControllers */,
				B652BAC82789E9ED000EE7FA /* Coordinator */,
				B652BAB82789E6AF000EE7FA /* Util */,
				B652BAAC2789E0E7000EE7FA /* Extensions */,
				B652BAAD2789E0F8000EE7FA /* Supporting Files */,
			);
			path = TVShows;
			sourceTree = "<group>";
		};
		B652BAAC2789E0E7000EE7FA /* Extensions */ = {
			isa = PBXGroup;
			children = (
				B652BAAE2789E1B1000EE7FA /* UICell+ReuseIdentifier.swift */,
				B652BAB02789E1DA000EE7FA /* UIView+Constraints.swift */,
				B652BAB22789E268000EE7FA /* UIActivityIndicator+BuildActivityIndicator.swift */,
				B652BAB42789E279000EE7FA /* UIButton+BuildButton.swift */,
				B652BAB62789E2A8000EE7FA /* UIImageView+LoadImage.swift */,
				B652BABB2789E769000EE7FA /* UILabel+BuildLabel.swift */,
				B652BABD2789E7A0000EE7FA /* UIStackView+BuildStack.swift */,
				B652BABF2789E7CE000EE7FA /* UIViewController+ShowErrorAlert.swift */,
				B652BAF5278A143B000EE7FA /* UIView+BuildSeparator.swift */,
				B652BAF7278A1D05000EE7FA /* String+Date.swift */,
			);
			path = Extensions;
			sourceTree = "<group>";
		};
		B652BAAD2789E0F8000EE7FA /* Supporting Files */ = {
			isa = PBXGroup;
			children = (
				B652BA982789DBBC000EE7FA /* AppDelegate.swift */,
				B652BA9A2789DBBC000EE7FA /* SceneDelegate.swift */,
				B652BAA12789DBC1000EE7FA /* Assets.xcassets */,
				B652BAA32789DBC1000EE7FA /* LaunchScreen.storyboard */,
				B652BAA62789DBC1000EE7FA /* Info.plist */,
				B652BAC52789E805000EE7FA /* Localizable.strings */,
			);
			path = "Supporting Files";
			sourceTree = "<group>";
		};
		B652BAB82789E6AF000EE7FA /* Util */ = {
			isa = PBXGroup;
			children = (
				B652BAB92789E6BA000EE7FA /* DesignSystem.swift */,
			);
			path = Util;
			sourceTree = "<group>";
		};
		B652BAC82789E9ED000EE7FA /* Coordinator */ = {
			isa = PBXGroup;
			children = (
				B652BAC92789EA02000EE7FA /* Coordinator.swift */,
				B652BACE2789EB8A000EE7FA /* MainCoordinator.swift */,
			);
			path = Coordinator;
			sourceTree = "<group>";
		};
		B652BACB2789EB56000EE7FA /* ViewControllers */ = {
			isa = PBXGroup;
			children = (
				B652BACC2789EB73000EE7FA /* MainTabBarController.swift */,
			);
			path = ViewControllers;
			sourceTree = "<group>";
		};
		B652BAD02789EEF1000EE7FA /* Network */ = {
			isa = PBXGroup;
			children = (
				B652BAE32789F647000EE7FA /* Services */,
				B652BAD32789EF96000EE7FA /* Providing */,
				B652BAD12789EF27000EE7FA /* Endpoint.swift */,
				B652BAD62789EFB4000EE7FA /* Networking.swift */,
				B652BAD82789EFCB000EE7FA /* NetworkError.swift */,
				B652BADA2789EFE5000EE7FA /* APIClient.swift */,
			);
			path = Network;
			sourceTree = "<group>";
		};
		B652BAD32789EF96000EE7FA /* Providing */ = {
			isa = PBXGroup;
			children = (
				B652BAD42789EFA3000EE7FA /* Providing.swift */,
				B652BADC2789F001000EE7FA /* URLRequestProviding.swift */,
				B652BAE12789F5ED000EE7FA /* ShowsListProviding.swift */,
			);
			path = Providing;
			sourceTree = "<group>";
		};
		B652BADE2789F1F8000EE7FA /* Models */ = {
			isa = PBXGroup;
			children = (
				B652BADF2789F205000EE7FA /* Show.swift */,
			);
			path = Models;
			sourceTree = "<group>";
		};
		B652BAE32789F647000EE7FA /* Services */ = {
			isa = PBXGroup;
			children = (
				B652BAE42789F651000EE7FA /* ShowsListService.swift */,
			);
			path = Services;
			sourceTree = "<group>";
		};
		B652BAE82789FA7E000EE7FA /* Screens */ = {
			isa = PBXGroup;
			children = (
				B652BAE92789FA85000EE7FA /* ShowsList */,
			);
			path = Screens;
			sourceTree = "<group>";
		};
		B652BAE92789FA85000EE7FA /* ShowsList */ = {
			isa = PBXGroup;
			children = (
				B652BAEF278A002C000EE7FA /* Cells */,
				B652BAE62789FA77000EE7FA /* ShowsListViewController.swift */,
				B652BAEA2789FA96000EE7FA /* ShowsListViewModel.swift */,
			);
			path = ShowsList;
			sourceTree = "<group>";
		};
		B652BAEC2789FF26000EE7FA /* Protocols */ = {
			isa = PBXGroup;
			children = (
				B652BAED2789FF30000EE7FA /* ViewCodable.swift */,
			);
			path = Protocols;
			sourceTree = "<group>";
		};
		B652BAEF278A002C000EE7FA /* Cells */ = {
			isa = PBXGroup;
			children = (
				B652BAF0278A0047000EE7FA /* ShowsListItemCell.swift */,
			);
			path = Cells;
			sourceTree = "<group>";
		};
		B652BAF2278A02E0000EE7FA /* Views */ = {
			isa = PBXGroup;
			children = (
				B652BAF3278A02EE000EE7FA /* RoundedImageView.swift */,
			);
			path = Views;
			sourceTree = "<group>";
		};
/* End PBXGroup section */

/* Begin PBXNativeTarget section */
		B652BA942789DBBB000EE7FA /* TVShows */ = {
			isa = PBXNativeTarget;
			buildConfigurationList = B652BAA92789DBC1000EE7FA /* Build configuration list for PBXNativeTarget "TVShows" */;
			buildPhases = (
				B652BA912789DBBB000EE7FA /* Sources */,
				B652BA922789DBBB000EE7FA /* Frameworks */,
				B652BA932789DBBB000EE7FA /* Resources */,
			);
			buildRules = (
			);
			dependencies = (
			);
			name = TVShows;
			productName = TVShows;
			productReference = B652BA952789DBBC000EE7FA /* TVShows.app */;
			productType = "com.apple.product-type.application";
		};
/* End PBXNativeTarget section */

/* Begin PBXProject section */
		B652BA8D2789DBBB000EE7FA /* Project object */ = {
			isa = PBXProject;
			attributes = {
				BuildIndependentTargetsInParallel = 1;
				LastSwiftUpdateCheck = 1320;
				LastUpgradeCheck = 1320;
				TargetAttributes = {
					B652BA942789DBBB000EE7FA = {
						CreatedOnToolsVersion = 13.2.1;
					};
				};
			};
			buildConfigurationList = B652BA902789DBBB000EE7FA /* Build configuration list for PBXProject "TVShows" */;
			compatibilityVersion = "Xcode 13.0";
			developmentRegion = en;
			hasScannedForEncodings = 0;
			knownRegions = (
				en,
				Base,
			);
			mainGroup = B652BA8C2789DBBB000EE7FA;
			productRefGroup = B652BA962789DBBC000EE7FA /* Products */;
			projectDirPath = "";
			projectRoot = "";
			targets = (
				B652BA942789DBBB000EE7FA /* TVShows */,
			);
		};
/* End PBXProject section */

/* Begin PBXResourcesBuildPhase section */
		B652BA932789DBBB000EE7FA /* Resources */ = {
			isa = PBXResourcesBuildPhase;
			buildActionMask = 2147483647;
			files = (
				B652BAA52789DBC1000EE7FA /* LaunchScreen.storyboard in Resources */,
				B652BAC32789E805000EE7FA /* Localizable.strings in Resources */,
				B652BAA22789DBC1000EE7FA /* Assets.xcassets in Resources */,
			);
			runOnlyForDeploymentPostprocessing = 0;
		};
/* End PBXResourcesBuildPhase section */

/* Begin PBXSourcesBuildPhase section */
		B652BA912789DBBB000EE7FA /* Sources */ = {
			isa = PBXSourcesBuildPhase;
			buildActionMask = 2147483647;
			files = (
				B652BAF8278A1D05000EE7FA /* String+Date.swift in Sources */,
				B652BAB52789E279000EE7FA /* UIButton+BuildButton.swift in Sources */,
				B652BACF2789EB8A000EE7FA /* MainCoordinator.swift in Sources */,
				B652BAEB2789FA96000EE7FA /* ShowsListViewModel.swift in Sources */,
				B652BAD72789EFB4000EE7FA /* Networking.swift in Sources */,
				B652BA992789DBBC000EE7FA /* AppDelegate.swift in Sources */,
				B652BAEE2789FF30000EE7FA /* ViewCodable.swift in Sources */,
				B652BAF1278A0047000EE7FA /* ShowsListItemCell.swift in Sources */,
				B652BA9B2789DBBC000EE7FA /* SceneDelegate.swift in Sources */,
				B652BAE52789F651000EE7FA /* ShowsListService.swift in Sources */,
				B652BAD22789EF27000EE7FA /* Endpoint.swift in Sources */,
				B652BAE72789FA77000EE7FA /* ShowsListViewController.swift in Sources */,
				B652BADB2789EFE5000EE7FA /* APIClient.swift in Sources */,
				B652BAB72789E2A8000EE7FA /* UIImageView+LoadImage.swift in Sources */,
				B652BAC02789E7CE000EE7FA /* UIViewController+ShowErrorAlert.swift in Sources */,
				B652BABA2789E6BA000EE7FA /* DesignSystem.swift in Sources */,
				B652BABE2789E7A0000EE7FA /* UIStackView+BuildStack.swift in Sources */,
				B652BACD2789EB73000EE7FA /* MainTabBarController.swift in Sources */,
				B652BAAF2789E1B1000EE7FA /* UICell+ReuseIdentifier.swift in Sources */,
				B652BACA2789EA02000EE7FA /* Coordinator.swift in Sources */,
				B652BAD52789EFA3000EE7FA /* Providing.swift in Sources */,
				B652BAF4278A02EE000EE7FA /* RoundedImageView.swift in Sources */,
				B652BABC2789E769000EE7FA /* UILabel+BuildLabel.swift in Sources */,
				B652BAD92789EFCB000EE7FA /* NetworkError.swift in Sources */,
				B652BAE22789F5ED000EE7FA /* ShowsListProviding.swift in Sources */,
				B652BAB32789E268000EE7FA /* UIActivityIndicator+BuildActivityIndicator.swift in Sources */,
				B652BAF6278A143B000EE7FA /* UIView+BuildSeparator.swift in Sources */,
				B652BAE02789F205000EE7FA /* Show.swift in Sources */,
				B652BADD2789F001000EE7FA /* URLRequestProviding.swift in Sources */,
				B652BAB12789E1DA000EE7FA /* UIView+Constraints.swift in Sources */,
			);
			runOnlyForDeploymentPostprocessing = 0;
		};
/* End PBXSourcesBuildPhase section */

/* Begin PBXVariantGroup section */
		B652BAA32789DBC1000EE7FA /* LaunchScreen.storyboard */ = {
			isa = PBXVariantGroup;
			children = (
				B652BAA42789DBC1000EE7FA /* Base */,
			);
			name = LaunchScreen.storyboard;
			sourceTree = "<group>";
		};
		B652BAC52789E805000EE7FA /* Localizable.strings */ = {
			isa = PBXVariantGroup;
			children = (
				B652BAC42789E805000EE7FA /* en */,
			);
			name = Localizable.strings;
			sourceTree = "<group>";
		};
/* End PBXVariantGroup section */

/* Begin XCBuildConfiguration section */
		B652BAA72789DBC1000EE7FA /* Debug */ = {
			isa = XCBuildConfiguration;
			buildSettings = {
				ALWAYS_SEARCH_USER_PATHS = NO;
				CLANG_ANALYZER_NONNULL = YES;
				CLANG_ANALYZER_NUMBER_OBJECT_CONVERSION = YES_AGGRESSIVE;
				CLANG_CXX_LANGUAGE_STANDARD = "gnu++17";
				CLANG_CXX_LIBRARY = "libc++";
				CLANG_ENABLE_MODULES = YES;
				CLANG_ENABLE_OBJC_ARC = YES;
				CLANG_ENABLE_OBJC_WEAK = YES;
				CLANG_WARN_BLOCK_CAPTURE_AUTORELEASING = YES;
				CLANG_WARN_BOOL_CONVERSION = YES;
				CLANG_WARN_COMMA = YES;
				CLANG_WARN_CONSTANT_CONVERSION = YES;
				CLANG_WARN_DEPRECATED_OBJC_IMPLEMENTATIONS = YES;
				CLANG_WARN_DIRECT_OBJC_ISA_USAGE = YES_ERROR;
				CLANG_WARN_DOCUMENTATION_COMMENTS = YES;
				CLANG_WARN_EMPTY_BODY = YES;
				CLANG_WARN_ENUM_CONVERSION = YES;
				CLANG_WARN_INFINITE_RECURSION = YES;
				CLANG_WARN_INT_CONVERSION = YES;
				CLANG_WARN_NON_LITERAL_NULL_CONVERSION = YES;
				CLANG_WARN_OBJC_IMPLICIT_RETAIN_SELF = YES;
				CLANG_WARN_OBJC_LITERAL_CONVERSION = YES;
				CLANG_WARN_OBJC_ROOT_CLASS = YES_ERROR;
				CLANG_WARN_QUOTED_INCLUDE_IN_FRAMEWORK_HEADER = YES;
				CLANG_WARN_RANGE_LOOP_ANALYSIS = YES;
				CLANG_WARN_STRICT_PROTOTYPES = YES;
				CLANG_WARN_SUSPICIOUS_MOVE = YES;
				CLANG_WARN_UNGUARDED_AVAILABILITY = YES_AGGRESSIVE;
				CLANG_WARN_UNREACHABLE_CODE = YES;
				CLANG_WARN__DUPLICATE_METHOD_MATCH = YES;
				COPY_PHASE_STRIP = NO;
				DEBUG_INFORMATION_FORMAT = dwarf;
				ENABLE_STRICT_OBJC_MSGSEND = YES;
				ENABLE_TESTABILITY = YES;
				GCC_C_LANGUAGE_STANDARD = gnu11;
				GCC_DYNAMIC_NO_PIC = NO;
				GCC_NO_COMMON_BLOCKS = YES;
				GCC_OPTIMIZATION_LEVEL = 0;
				GCC_PREPROCESSOR_DEFINITIONS = (
					"DEBUG=1",
					"$(inherited)",
				);
				GCC_WARN_64_TO_32_BIT_CONVERSION = YES;
				GCC_WARN_ABOUT_RETURN_TYPE = YES_ERROR;
				GCC_WARN_UNDECLARED_SELECTOR = YES;
				GCC_WARN_UNINITIALIZED_AUTOS = YES_AGGRESSIVE;
				GCC_WARN_UNUSED_FUNCTION = YES;
				GCC_WARN_UNUSED_VARIABLE = YES;
				IPHONEOS_DEPLOYMENT_TARGET = 15.2;
				MTL_ENABLE_DEBUG_INFO = INCLUDE_SOURCE;
				MTL_FAST_MATH = YES;
				ONLY_ACTIVE_ARCH = YES;
				SDKROOT = iphoneos;
				SWIFT_ACTIVE_COMPILATION_CONDITIONS = DEBUG;
				SWIFT_OPTIMIZATION_LEVEL = "-Onone";
			};
			name = Debug;
		};
		B652BAA82789DBC1000EE7FA /* Release */ = {
			isa = XCBuildConfiguration;
			buildSettings = {
				ALWAYS_SEARCH_USER_PATHS = NO;
				CLANG_ANALYZER_NONNULL = YES;
				CLANG_ANALYZER_NUMBER_OBJECT_CONVERSION = YES_AGGRESSIVE;
				CLANG_CXX_LANGUAGE_STANDARD = "gnu++17";
				CLANG_CXX_LIBRARY = "libc++";
				CLANG_ENABLE_MODULES = YES;
				CLANG_ENABLE_OBJC_ARC = YES;
				CLANG_ENABLE_OBJC_WEAK = YES;
				CLANG_WARN_BLOCK_CAPTURE_AUTORELEASING = YES;
				CLANG_WARN_BOOL_CONVERSION = YES;
				CLANG_WARN_COMMA = YES;
				CLANG_WARN_CONSTANT_CONVERSION = YES;
				CLANG_WARN_DEPRECATED_OBJC_IMPLEMENTATIONS = YES;
				CLANG_WARN_DIRECT_OBJC_ISA_USAGE = YES_ERROR;
				CLANG_WARN_DOCUMENTATION_COMMENTS = YES;
				CLANG_WARN_EMPTY_BODY = YES;
				CLANG_WARN_ENUM_CONVERSION = YES;
				CLANG_WARN_INFINITE_RECURSION = YES;
				CLANG_WARN_INT_CONVERSION = YES;
				CLANG_WARN_NON_LITERAL_NULL_CONVERSION = YES;
				CLANG_WARN_OBJC_IMPLICIT_RETAIN_SELF = YES;
				CLANG_WARN_OBJC_LITERAL_CONVERSION = YES;
				CLANG_WARN_OBJC_ROOT_CLASS = YES_ERROR;
				CLANG_WARN_QUOTED_INCLUDE_IN_FRAMEWORK_HEADER = YES;
				CLANG_WARN_RANGE_LOOP_ANALYSIS = YES;
				CLANG_WARN_STRICT_PROTOTYPES = YES;
				CLANG_WARN_SUSPICIOUS_MOVE = YES;
				CLANG_WARN_UNGUARDED_AVAILABILITY = YES_AGGRESSIVE;
				CLANG_WARN_UNREACHABLE_CODE = YES;
				CLANG_WARN__DUPLICATE_METHOD_MATCH = YES;
				COPY_PHASE_STRIP = NO;
				DEBUG_INFORMATION_FORMAT = "dwarf-with-dsym";
				ENABLE_NS_ASSERTIONS = NO;
				ENABLE_STRICT_OBJC_MSGSEND = YES;
				GCC_C_LANGUAGE_STANDARD = gnu11;
				GCC_NO_COMMON_BLOCKS = YES;
				GCC_WARN_64_TO_32_BIT_CONVERSION = YES;
				GCC_WARN_ABOUT_RETURN_TYPE = YES_ERROR;
				GCC_WARN_UNDECLARED_SELECTOR = YES;
				GCC_WARN_UNINITIALIZED_AUTOS = YES_AGGRESSIVE;
				GCC_WARN_UNUSED_FUNCTION = YES;
				GCC_WARN_UNUSED_VARIABLE = YES;
				IPHONEOS_DEPLOYMENT_TARGET = 15.2;
				MTL_ENABLE_DEBUG_INFO = NO;
				MTL_FAST_MATH = YES;
				SDKROOT = iphoneos;
				SWIFT_COMPILATION_MODE = wholemodule;
				SWIFT_OPTIMIZATION_LEVEL = "-O";
				VALIDATE_PRODUCT = YES;
			};
			name = Release;
		};
		B652BAAA2789DBC1000EE7FA /* Debug */ = {
			isa = XCBuildConfiguration;
			buildSettings = {
				ASSETCATALOG_COMPILER_APPICON_NAME = AppIcon;
				ASSETCATALOG_COMPILER_GLOBAL_ACCENT_COLOR_NAME = AccentColor;
				CODE_SIGN_STYLE = Automatic;
				CURRENT_PROJECT_VERSION = 1;
				DEVELOPMENT_TEAM = 87G2Y58K9U;
				GENERATE_INFOPLIST_FILE = YES;
				INFOPLIST_FILE = "TVShows/Supporting Files/Info.plist";
				INFOPLIST_KEY_UIApplicationSupportsIndirectInputEvents = YES;
				INFOPLIST_KEY_UILaunchStoryboardName = LaunchScreen;
				INFOPLIST_KEY_UISupportedInterfaceOrientations = UIInterfaceOrientationPortrait;
				INFOPLIST_KEY_UISupportedInterfaceOrientations_iPhone = UIInterfaceOrientationPortrait;
				IPHONEOS_DEPLOYMENT_TARGET = 13.0;
				LD_RUNPATH_SEARCH_PATHS = (
					"$(inherited)",
					"@executable_path/Frameworks",
				);
				MARKETING_VERSION = 1.0;
				PRODUCT_BUNDLE_IDENTIFIER = com.lucasfnicolau.TVShows;
				PRODUCT_NAME = "$(TARGET_NAME)";
				SWIFT_EMIT_LOC_STRINGS = YES;
				SWIFT_VERSION = 5.0;
				TARGETED_DEVICE_FAMILY = 1;
			};
			name = Debug;
		};
		B652BAAB2789DBC1000EE7FA /* Release */ = {
			isa = XCBuildConfiguration;
			buildSettings = {
				ASSETCATALOG_COMPILER_APPICON_NAME = AppIcon;
				ASSETCATALOG_COMPILER_GLOBAL_ACCENT_COLOR_NAME = AccentColor;
				CODE_SIGN_STYLE = Automatic;
				CURRENT_PROJECT_VERSION = 1;
				DEVELOPMENT_TEAM = 87G2Y58K9U;
				GENERATE_INFOPLIST_FILE = YES;
				INFOPLIST_FILE = "TVShows/Supporting Files/Info.plist";
				INFOPLIST_KEY_UIApplicationSupportsIndirectInputEvents = YES;
				INFOPLIST_KEY_UILaunchStoryboardName = LaunchScreen;
				INFOPLIST_KEY_UISupportedInterfaceOrientations = UIInterfaceOrientationPortrait;
				INFOPLIST_KEY_UISupportedInterfaceOrientations_iPhone = UIInterfaceOrientationPortrait;
				IPHONEOS_DEPLOYMENT_TARGET = 13.0;
				LD_RUNPATH_SEARCH_PATHS = (
					"$(inherited)",
					"@executable_path/Frameworks",
				);
				MARKETING_VERSION = 1.0;
				PRODUCT_BUNDLE_IDENTIFIER = com.lucasfnicolau.TVShows;
				PRODUCT_NAME = "$(TARGET_NAME)";
				SWIFT_EMIT_LOC_STRINGS = YES;
				SWIFT_VERSION = 5.0;
				TARGETED_DEVICE_FAMILY = 1;
			};
			name = Release;
		};
/* End XCBuildConfiguration section */

/* Begin XCConfigurationList section */
		B652BA902789DBBB000EE7FA /* Build configuration list for PBXProject "TVShows" */ = {
			isa = XCConfigurationList;
			buildConfigurations = (
				B652BAA72789DBC1000EE7FA /* Debug */,
				B652BAA82789DBC1000EE7FA /* Release */,
			);
			defaultConfigurationIsVisible = 0;
			defaultConfigurationName = Release;
		};
		B652BAA92789DBC1000EE7FA /* Build configuration list for PBXNativeTarget "TVShows" */ = {
			isa = XCConfigurationList;
			buildConfigurations = (
				B652BAAA2789DBC1000EE7FA /* Debug */,
				B652BAAB2789DBC1000EE7FA /* Release */,
			);
			defaultConfigurationIsVisible = 0;
			defaultConfigurationName = Release;
		};
/* End XCConfigurationList section */
	};
	rootObject = B652BA8D2789DBBB000EE7FA /* Project object */;
}
